{
  "lockfileVersion": 3,
  "name": "cleopatra-vii-executive-resume",
  "requires": true,
  "packages": {
    "": {
      "name": "cleopatra-vii-executive-resume",
      "version": "1.0.0",
      "dependencies": {
        "@vitejs/plugin-react": "latest",
        "vite": "latest",
        "typescript": "latest",
        "react": "latest",
        "react-dom": "latest",
        "lucide-react": "latest"
      }
    }
  }
}
